
Microsoft Visual Studio Solution File, Format Version 12.00
# Visual Studio Version 17
VisualStudioVersion = 17.3.32811.315
MinimumVisualStudioVersion = 10.0.40219.1
Project("{9A19103F-16F7-4668-BE54-9A1E7A4F7556}") = "TSQLEmployeePayRollManagement", "TSQLEmployeePayRollManagement.csproj", "{3A9420D0-55BA-41C0-857A-0F00CFFFBF20}"
EndProject
Project("{FAE04EC0-301F-11D3-BF4B-00C04F79EFBC}") = "EmployeePayrollTest", "..\EmployeePayrollTest\EmployeePayrollTest.csproj", "{93B21C02-17FC-4E33-B604-7A357C7B51DA}"
EndProject
Global
	GlobalSection(SolutionConfigurationPlatforms) = preSolution
		Debug|Any CPU = Debug|Any CPU
		Release|Any CPU = Release|Any CPU
	EndGlobalSection
	GlobalSection(ProjectConfigurationPlatforms) = postSolution
		{3A9420D0-55BA-41C0-857A-0F00CFFFBF20}.Debug|Any CPU.ActiveCfg = Debug|Any CPU
		{3A9420D0-55BA-41C0-857A-0F00CFFFBF20}.Debug|Any CPU.Build.0 = Debug|Any CPU
		{3A9420D0-55BA-41C0-857A-0F00CFFFBF20}.Release|Any CPU.ActiveCfg = Release|Any CPU
		{3A9420D0-55BA-41C0-857A-0F00CFFFBF20}.Release|Any CPU.Build.0 = Release|Any CPU
		{93B21C02-17FC-4E33-B604-7A357C7B51DA}.Debug|Any CPU.ActiveCfg = Debug|Any CPU
		{93B21C02-17FC-4E33-B604-7A357C7B51DA}.Debug|Any CPU.Build.0 = Debug|Any CPU
		{93B21C02-17FC-4E33-B604-7A357C7B51DA}.Release|Any CPU.ActiveCfg = Release|Any CPU
		{93B21C02-17FC-4E33-B604-7A357C7B51DA}.Release|Any CPU.Build.0 = Release|Any CPU
	EndGlobalSection
	GlobalSection(SolutionProperties) = preSolution
		HideSolutionNode = FALSE
	EndGlobalSection
	GlobalSection(ExtensibilityGlobals) = postSolution
		SolutionGuid = {4BE2807E-8641-4F9D-8B94-A3533C926822}
	EndGlobalSection
EndGlobal
